// !$*UTF8*$!
{
	archiveVersion = 1;
	classes = {
	};
	objectVersion = 50;
	objects = {

/* Begin PBXBuildFile section */
		2E302DDE234F079F0011F763 /* AppDelegate.swift in Sources */ = {isa = PBXBuildFile; fileRef = 2E302DDD234F079F0011F763 /* AppDelegate.swift */; };
		2E302DE0234F079F0011F763 /* SceneDelegate.swift in Sources */ = {isa = PBXBuildFile; fileRef = 2E302DDF234F079F0011F763 /* SceneDelegate.swift */; };
		2E302DE5234F079F0011F763 /* Main.storyboard in Resources */ = {isa = PBXBuildFile; fileRef = 2E302DE3234F079F0011F763 /* Main.storyboard */; };
		2E302DE7234F07A10011F763 /* Assets.xcassets in Resources */ = {isa = PBXBuildFile; fileRef = 2E302DE6234F07A10011F763 /* Assets.xcassets */; };
		2E302DEA234F07A10011F763 /* LaunchScreen.storyboard in Resources */ = {isa = PBXBuildFile; fileRef = 2E302DE8234F07A10011F763 /* LaunchScreen.storyboard */; };
		2E302DF4234F17000011F763 /* RatesTableViewController.swift in Sources */ = {isa = PBXBuildFile; fileRef = 2E302DF3234F17000011F763 /* RatesTableViewController.swift */; };
		2E302DF6234F1C050011F763 /* ApiClient.swift in Sources */ = {isa = PBXBuildFile; fileRef = 2E302DF5234F1C040011F763 /* ApiClient.swift */; };
		2E302DF8234F1DE90011F763 /* Constants.swift in Sources */ = {isa = PBXBuildFile; fileRef = 2E302DF7234F1DE90011F763 /* Constants.swift */; };
		2E302DFC234F251A0011F763 /* RateTableViewCell.swift in Sources */ = {isa = PBXBuildFile; fileRef = 2E302DFA234F251A0011F763 /* RateTableViewCell.swift */; };
		2E302DFD234F251A0011F763 /* RateTableViewCell.xib in Resources */ = {isa = PBXBuildFile; fileRef = 2E302DFB234F251A0011F763 /* RateTableViewCell.xib */; };
		2E302E00234F30F00011F763 /* Extensions.swift in Sources */ = {isa = PBXBuildFile; fileRef = 2E302DFF234F30F00011F763 /* Extensions.swift */; };
		2E302E02234F34310011F763 /* FirstCurrencyTableViewController.swift in Sources */ = {isa = PBXBuildFile; fileRef = 2E302E01234F34310011F763 /* FirstCurrencyTableViewController.swift */; };
		2E302E04234F34450011F763 /* SecondCurrencyTableViewController.swift in Sources */ = {isa = PBXBuildFile; fileRef = 2E302E03234F34450011F763 /* SecondCurrencyTableViewController.swift */; };
		2E302E07234F3BE20011F763 /* Currency.swift in Sources */ = {isa = PBXBuildFile; fileRef = 2E302E06234F3BE20011F763 /* Currency.swift */; };
		2E302E09234F413F0011F763 /* Currencies.txt in Resources */ = {isa = PBXBuildFile; fileRef = 2E302E08234F413F0011F763 /* Currencies.txt */; };
		2E302E0B234F48E60011F763 /* FileManager.swift in Sources */ = {isa = PBXBuildFile; fileRef = 2E302E0A234F48E60011F763 /* FileManager.swift */; };
		2E302E0D234F88380011F763 /* ExchangeRate.swift in Sources */ = {isa = PBXBuildFile; fileRef = 2E302E0C234F88380011F763 /* ExchangeRate.swift */; };
		2E302E12234F904E0011F763 /* CurrencyTableViewCell.swift in Sources */ = {isa = PBXBuildFile; fileRef = 2E302E10234F904E0011F763 /* CurrencyTableViewCell.swift */; };
		2E302E13234F904E0011F763 /* CurrencyTableViewCell.xib in Resources */ = {isa = PBXBuildFile; fileRef = 2E302E11234F904E0011F763 /* CurrencyTableViewCell.xib */; };
		2E302E15234FA2FC0011F763 /* UserDefaultsManager.swift in Sources */ = {isa = PBXBuildFile; fileRef = 2E302E14234FA2FC0011F763 /* UserDefaultsManager.swift */; };
/* End PBXBuildFile section */

/* Begin PBXFileReference section */
		2E302DDA234F079F0011F763 /* TestProject.app */ = {isa = PBXFileReference; explicitFileType = wrapper.application; includeInIndex = 0; path = TestProject.app; sourceTree = BUILT_PRODUCTS_DIR; };
		2E302DDD234F079F0011F763 /* AppDelegate.swift */ = {isa = PBXFileReference; lastKnownFileType = sourcecode.swift; path = AppDelegate.swift; sourceTree = "<group>"; };
		2E302DDF234F079F0011F763 /* SceneDelegate.swift */ = {isa = PBXFileReference; lastKnownFileType = sourcecode.swift; path = SceneDelegate.swift; sourceTree = "<group>"; };
		2E302DE4234F079F0011F763 /* Base */ = {isa = PBXFileReference; lastKnownFileType = file.storyboard; name = Base; path = Base.lproj/Main.storyboard; sourceTree = "<group>"; };
		2E302DE6234F07A10011F763 /* Assets.xcassets */ = {isa = PBXFileReference; lastKnownFileType = folder.assetcatalog; path = Assets.xcassets; sourceTree = "<group>"; };
		2E302DE9234F07A10011F763 /* Base */ = {isa = PBXFileReference; lastKnownFileType = file.storyboard; name = Base; path = Base.lproj/LaunchScreen.storyboard; sourceTree = "<group>"; };
		2E302DEB234F07A10011F763 /* Info.plist */ = {isa = PBXFileReference; lastKnownFileType = text.plist.xml; path = Info.plist; sourceTree = "<group>"; };
		2E302DF3234F17000011F763 /* RatesTableViewController.swift */ = {isa = PBXFileReference; lastKnownFileType = sourcecode.swift; path = RatesTableViewController.swift; sourceTree = "<group>"; };
		2E302DF5234F1C040011F763 /* ApiClient.swift */ = {isa = PBXFileReference; lastKnownFileType = sourcecode.swift; path = ApiClient.swift; sourceTree = "<group>"; };
		2E302DF7234F1DE90011F763 /* Constants.swift */ = {isa = PBXFileReference; lastKnownFileType = sourcecode.swift; path = Constants.swift; sourceTree = "<group>"; };
		2E302DFA234F251A0011F763 /* RateTableViewCell.swift */ = {isa = PBXFileReference; lastKnownFileType = sourcecode.swift; path = RateTableViewCell.swift; sourceTree = "<group>"; };
		2E302DFB234F251A0011F763 /* RateTableViewCell.xib */ = {isa = PBXFileReference; lastKnownFileType = file.xib; path = RateTableViewCell.xib; sourceTree = "<group>"; };
		2E302DFF234F30F00011F763 /* Extensions.swift */ = {isa = PBXFileReference; lastKnownFileType = sourcecode.swift; path = Extensions.swift; sourceTree = "<group>"; };
		2E302E01234F34310011F763 /* FirstCurrencyTableViewController.swift */ = {isa = PBXFileReference; lastKnownFileType = sourcecode.swift; path = FirstCurrencyTableViewController.swift; sourceTree = "<group>"; };
		2E302E03234F34450011F763 /* SecondCurrencyTableViewController.swift */ = {isa = PBXFileReference; lastKnownFileType = sourcecode.swift; path = SecondCurrencyTableViewController.swift; sourceTree = "<group>"; };
		2E302E06234F3BE20011F763 /* Currency.swift */ = {isa = PBXFileReference; lastKnownFileType = sourcecode.swift; path = Currency.swift; sourceTree = "<group>"; };
		2E302E08234F413F0011F763 /* Currencies.txt */ = {isa = PBXFileReference; fileEncoding = 4; lastKnownFileType = text; path = Currencies.txt; sourceTree = "<group>"; };
		2E302E0A234F48E60011F763 /* FileManager.swift */ = {isa = PBXFileReference; lastKnownFileType = sourcecode.swift; path = FileManager.swift; sourceTree = "<group>"; };
		2E302E0C234F88380011F763 /* ExchangeRate.swift */ = {isa = PBXFileReference; lastKnownFileType = sourcecode.swift; path = ExchangeRate.swift; sourceTree = "<group>"; };
		2E302E10234F904E0011F763 /* CurrencyTableViewCell.swift */ = {isa = PBXFileReference; lastKnownFileType = sourcecode.swift; path = CurrencyTableViewCell.swift; sourceTree = "<group>"; };
		2E302E11234F904E0011F763 /* CurrencyTableViewCell.xib */ = {isa = PBXFileReference; lastKnownFileType = file.xib; path = CurrencyTableViewCell.xib; sourceTree = "<group>"; };
		2E302E14234FA2FC0011F763 /* UserDefaultsManager.swift */ = {isa = PBXFileReference; lastKnownFileType = sourcecode.swift; path = UserDefaultsManager.swift; sourceTree = "<group>"; };
/* End PBXFileReference section */

/* Begin PBXFrameworksBuildPhase section */
		2E302DD7234F079F0011F763 /* Frameworks */ = {
			isa = PBXFrameworksBuildPhase;
			buildActionMask = 2147483647;
			files = (
			);
			runOnlyForDeploymentPostprocessing = 0;
		};
/* End PBXFrameworksBuildPhase section */

/* Begin PBXGroup section */
		2E302DD1234F079F0011F763 = {
			isa = PBXGroup;
			children = (
				2E302DDC234F079F0011F763 /* TestProject */,
				2E302DDB234F079F0011F763 /* Products */,
			);
			sourceTree = "<group>";
		};
		2E302DDB234F079F0011F763 /* Products */ = {
			isa = PBXGroup;
			children = (
				2E302DDA234F079F0011F763 /* TestProject.app */,
			);
			name = Products;
			sourceTree = "<group>";
		};
		2E302DDC234F079F0011F763 /* TestProject */ = {
			isa = PBXGroup;
			children = (
				2E302DDD234F079F0011F763 /* AppDelegate.swift */,
				2E302DDF234F079F0011F763 /* SceneDelegate.swift */,
				2E302E05234F3BBF0011F763 /* Models */,
				2E302DF2234F07B80011F763 /* Services */,
				2E302DFE234F30C80011F763 /* Utils */,
				2E302DF1234F07AE0011F763 /* Controllers */,
				2E302DF9234F1E390011F763 /* Views */,
				2EBDCF5423509B450043E242 /* Storyboards */,
				2E302E08234F413F0011F763 /* Currencies.txt */,
				2E302DE6234F07A10011F763 /* Assets.xcassets */,
				2E302DEB234F07A10011F763 /* Info.plist */,
			);
			path = TestProject;
			sourceTree = "<group>";
		};
		2E302DF1234F07AE0011F763 /* Controllers */ = {
			isa = PBXGroup;
			children = (
				2E302DF3234F17000011F763 /* RatesTableViewController.swift */,
				2E302E01234F34310011F763 /* FirstCurrencyTableViewController.swift */,
				2E302E03234F34450011F763 /* SecondCurrencyTableViewController.swift */,
			);
			path = Controllers;
			sourceTree = "<group>";
		};
		2E302DF2234F07B80011F763 /* Services */ = {
			isa = PBXGroup;
			children = (
				2E302DF5234F1C040011F763 /* ApiClient.swift */,
				2E302E0A234F48E60011F763 /* FileManager.swift */,
				2E302E14234FA2FC0011F763 /* UserDefaultsManager.swift */,
			);
			path = Services;
			sourceTree = "<group>";
		};
		2E302DF9234F1E390011F763 /* Views */ = {
			isa = PBXGroup;
			children = (
				2E302DFA234F251A0011F763 /* RateTableViewCell.swift */,
				2E302DFB234F251A0011F763 /* RateTableViewCell.xib */,
				2E302E10234F904E0011F763 /* CurrencyTableViewCell.swift */,
				2E302E11234F904E0011F763 /* CurrencyTableViewCell.xib */,
			);
			path = Views;
			sourceTree = "<group>";
		};
		2E302DFE234F30C80011F763 /* Utils */ = {
			isa = PBXGroup;
			children = (
				2E302DF7234F1DE90011F763 /* Constants.swift */,
				2E302DFF234F30F00011F763 /* Extensions.swift */,
			);
			path = Utils;
			sourceTree = "<group>";
		};
		2E302E05234F3BBF0011F763 /* Models */ = {
			isa = PBXGroup;
			children = (
				2E302E06234F3BE20011F763 /* Currency.swift */,
				2E302E0C234F88380011F763 /* ExchangeRate.swift */,
			);
			path = Models;
			sourceTree = "<group>";
		};
		2EBDCF5423509B450043E242 /* Storyboards */ = {
			isa = PBXGroup;
			children = (
				2E302DE3234F079F0011F763 /* Main.storyboard */,
				2E302DE8234F07A10011F763 /* LaunchScreen.storyboard */,
			);
			path = Storyboards;
			sourceTree = "<group>";
		};
/* End PBXGroup section */

/* Begin PBXNativeTarget section */
		2E302DD9234F079F0011F763 /* TestProject */ = {
			isa = PBXNativeTarget;
			buildConfigurationList = 2E302DEE234F07A10011F763 /* Build configuration list for PBXNativeTarget "TestProject" */;
			buildPhases = (
				2E302DD6234F079F0011F763 /* Sources */,
				2E302DD7234F079F0011F763 /* Frameworks */,
				2E302DD8234F079F0011F763 /* Resources */,
			);
			buildRules = (
			);
			dependencies = (
			);
			name = TestProject;
			productName = TestProject;
			productReference = 2E302DDA234F079F0011F763 /* TestProject.app */;
			productType = "com.apple.product-type.application";
		};
/* End PBXNativeTarget section */

/* Begin PBXProject section */
		2E302DD2234F079F0011F763 /* Project object */ = {
			isa = PBXProject;
			attributes = {
				LastSwiftUpdateCheck = 1100;
				LastUpgradeCheck = 1100;
				ORGANIZATIONNAME = "HASL LLC";
				TargetAttributes = {
					2E302DD9234F079F0011F763 = {
						CreatedOnToolsVersion = 11.0;
					};
				};
			};
			buildConfigurationList = 2E302DD5234F079F0011F763 /* Build configuration list for PBXProject "TestProject" */;
			compatibilityVersion = "Xcode 9.3";
			developmentRegion = en;
			hasScannedForEncodings = 0;
			knownRegions = (
				en,
				Base,
			);
			mainGroup = 2E302DD1234F079F0011F763;
			productRefGroup = 2E302DDB234F079F0011F763 /* Products */;
			projectDirPath = "";
			projectRoot = "";
			targets = (
				2E302DD9234F079F0011F763 /* TestProject */,
			);
		};
/* End PBXProject section */

/* Begin PBXResourcesBuildPhase section */
		2E302DD8234F079F0011F763 /* Resources */ = {
			isa = PBXResourcesBuildPhase;
			buildActionMask = 2147483647;
			files = (
				2E302DEA234F07A10011F763 /* LaunchScreen.storyboard in Resources */,
				2E302DFD234F251A0011F763 /* RateTableViewCell.xib in Resources */,
				2E302E13234F904E0011F763 /* CurrencyTableViewCell.xib in Resources */,
				2E302DE7234F07A10011F763 /* Assets.xcassets in Resources */,
				2E302DE5234F079F0011F763 /* Main.storyboard in Resources */,
				2E302E09234F413F0011F763 /* Currencies.txt in Resources */,
			);
			runOnlyForDeploymentPostprocessing = 0;
		};
/* End PBXResourcesBuildPhase section */

/* Begin PBXSourcesBuildPhase section */
		2E302DD6234F079F0011F763 /* Sources */ = {
			isa = PBXSourcesBuildPhase;
			buildActionMask = 2147483647;
			files = (
				2E302DF8234F1DE90011F763 /* Constants.swift in Sources */,
				2E302DF4234F17000011F763 /* RatesTableViewController.swift in Sources */,
				2E302DDE234F079F0011F763 /* AppDelegate.swift in Sources */,
				2E302E04234F34450011F763 /* SecondCurrencyTableViewController.swift in Sources */,
				2E302E02234F34310011F763 /* FirstCurrencyTableViewController.swift in Sources */,
				2E302E12234F904E0011F763 /* CurrencyTableViewCell.swift in Sources */,
				2E302DE0234F079F0011F763 /* SceneDelegate.swift in Sources */,
				2E302E07234F3BE20011F763 /* Currency.swift in Sources */,
				2E302E0B234F48E60011F763 /* FileManager.swift in Sources */,
				2E302DF6234F1C050011F763 /* ApiClient.swift in Sources */,
				2E302E15234FA2FC0011F763 /* UserDefaultsManager.swift in Sources */,
				2E302E0D234F88380011F763 /* ExchangeRate.swift in Sources */,
				2E302DFC234F251A0011F763 /* RateTableViewCell.swift in Sources */,
				2E302E00234F30F00011F763 /* Extensions.swift in Sources */,
			);
			runOnlyForDeploymentPostprocessing = 0;
		};
/* End PBXSourcesBuildPhase section */

/* Begin PBXVariantGroup section */
		2E302DE3234F079F0011F763 /* Main.storyboard */ = {
			isa = PBXVariantGroup;
			children = (
				2E302DE4234F079F0011F763 /* Base */,
			);
			name = Main.storyboard;
			sourceTree = "<group>";
		};
		2E302DE8234F07A10011F763 /* LaunchScreen.storyboard */ = {
			isa = PBXVariantGroup;
			children = (
				2E302DE9234F07A10011F763 /* Base */,
			);
			name = LaunchScreen.storyboard;
			sourceTree = "<group>";
		};
/* End PBXVariantGroup section */

/* Begin XCBuildConfiguration section */
		2E302DEC234F07A10011F763 /* Debug */ = {
			isa = XCBuildConfiguration;
			buildSettings = {
				ALWAYS_SEARCH_USER_PATHS = NO;
				CLANG_ANALYZER_NONNULL = YES;
				CLANG_ANALYZER_NUMBER_OBJECT_CONVERSION = YES_AGGRESSIVE;
				CLANG_CXX_LANGUAGE_STANDARD = "gnu++14";
				CLANG_CXX_LIBRARY = "libc++";
				CLANG_ENABLE_MODULES = YES;
				CLANG_ENABLE_OBJC_ARC = YES;
				CLANG_ENABLE_OBJC_WEAK = YES;
				CLANG_WARN_BLOCK_CAPTURE_AUTORELEASING = YES;
				CLANG_WARN_BOOL_CONVERSION = YES;
				CLANG_WARN_COMMA = YES;
				CLANG_WARN_CONSTANT_CONVERSION = YES;
				CLANG_WARN_DEPRECATED_OBJC_IMPLEMENTATIONS = YES;
				CLANG_WARN_DIRECT_OBJC_ISA_USAGE = YES_ERROR;
				CLANG_WARN_DOCUMENTATION_COMMENTS = YES;
				CLANG_WARN_EMPTY_BODY = YES;
				CLANG_WARN_ENUM_CONVERSION = YES;
				CLANG_WARN_INFINITE_RECURSION = YES;
				CLANG_WARN_INT_CONVERSION = YES;
				CLANG_WARN_NON_LITERAL_NULL_CONVERSION = YES;
				CLANG_WARN_OBJC_IMPLICIT_RETAIN_SELF = YES;
				CLANG_WARN_OBJC_LITERAL_CONVERSION = YES;
				CLANG_WARN_OBJC_ROOT_CLASS = YES_ERROR;
				CLANG_WARN_RANGE_LOOP_ANALYSIS = YES;
				CLANG_WARN_STRICT_PROTOTYPES = YES;
				CLANG_WARN_SUSPICIOUS_MOVE = YES;
				CLANG_WARN_UNGUARDED_AVAILABILITY = YES_AGGRESSIVE;
				CLANG_WARN_UNREACHABLE_CODE = YES;
				CLANG_WARN__DUPLICATE_METHOD_MATCH = YES;
				COPY_PHASE_STRIP = NO;
				DEBUG_INFORMATION_FORMAT = dwarf;
				ENABLE_STRICT_OBJC_MSGSEND = YES;
				ENABLE_TESTABILITY = YES;
				GCC_C_LANGUAGE_STANDARD = gnu11;
				GCC_DYNAMIC_NO_PIC = NO;
				GCC_NO_COMMON_BLOCKS = YES;
				GCC_OPTIMIZATION_LEVEL = 0;
				GCC_PREPROCESSOR_DEFINITIONS = (
					"DEBUG=1",
					"$(inherited)",
				);
				GCC_WARN_64_TO_32_BIT_CONVERSION = YES;
				GCC_WARN_ABOUT_RETURN_TYPE = YES_ERROR;
				GCC_WARN_UNDECLARED_SELECTOR = YES;
				GCC_WARN_UNINITIALIZED_AUTOS = YES_AGGRESSIVE;
				GCC_WARN_UNUSED_FUNCTION = YES;
				GCC_WARN_UNUSED_VARIABLE = YES;
				IPHONEOS_DEPLOYMENT_TARGET = 13.0;
				MTL_ENABLE_DEBUG_INFO = INCLUDE_SOURCE;
				MTL_FAST_MATH = YES;
				ONLY_ACTIVE_ARCH = YES;
				SDKROOT = iphoneos;
				SWIFT_ACTIVE_COMPILATION_CONDITIONS = DEBUG;
				SWIFT_OPTIMIZATION_LEVEL = "-Onone";
			};
			name = Debug;
		};
		2E302DED234F07A10011F763 /* Release */ = {
			isa = XCBuildConfiguration;
			buildSettings = {
				ALWAYS_SEARCH_USER_PATHS = NO;
				CLANG_ANALYZER_NONNULL = YES;
				CLANG_ANALYZER_NUMBER_OBJECT_CONVERSION = YES_AGGRESSIVE;
				CLANG_CXX_LANGUAGE_STANDARD = "gnu++14";
				CLANG_CXX_LIBRARY = "libc++";
				CLANG_ENABLE_MODULES = YES;
				CLANG_ENABLE_OBJC_ARC = YES;
				CLANG_ENABLE_OBJC_WEAK = YES;
				CLANG_WARN_BLOCK_CAPTURE_AUTORELEASING = YES;
				CLANG_WARN_BOOL_CONVERSION = YES;
				CLANG_WARN_COMMA = YES;
				CLANG_WARN_CONSTANT_CONVERSION = YES;
				CLANG_WARN_DEPRECATED_OBJC_IMPLEMENTATIONS = YES;
				CLANG_WARN_DIRECT_OBJC_ISA_USAGE = YES_ERROR;
				CLANG_WARN_DOCUMENTATION_COMMENTS = YES;
				CLANG_WARN_EMPTY_BODY = YES;
				CLANG_WARN_ENUM_CONVERSION = YES;
				CLANG_WARN_INFINITE_RECURSION = YES;
				CLANG_WARN_INT_CONVERSION = YES;
				CLANG_WARN_NON_LITERAL_NULL_CONVERSION = YES;
				CLANG_WARN_OBJC_IMPLICIT_RETAIN_SELF = YES;
				CLANG_WARN_OBJC_LITERAL_CONVERSION = YES;
				CLANG_WARN_OBJC_ROOT_CLASS = YES_ERROR;
				CLANG_WARN_RANGE_LOOP_ANALYSIS = YES;
				CLANG_WARN_STRICT_PROTOTYPES = YES;
				CLANG_WARN_SUSPICIOUS_MOVE = YES;
				CLANG_WARN_UNGUARDED_AVAILABILITY = YES_AGGRESSIVE;
				CLANG_WARN_UNREACHABLE_CODE = YES;
				CLANG_WARN__DUPLICATE_METHOD_MATCH = YES;
				COPY_PHASE_STRIP = NO;
				DEBUG_INFORMATION_FORMAT = "dwarf-with-dsym";
				ENABLE_NS_ASSERTIONS = NO;
				ENABLE_STRICT_OBJC_MSGSEND = YES;
				GCC_C_LANGUAGE_STANDARD = gnu11;
				GCC_NO_COMMON_BLOCKS = YES;
				GCC_WARN_64_TO_32_BIT_CONVERSION = YES;
				GCC_WARN_ABOUT_RETURN_TYPE = YES_ERROR;
				GCC_WARN_UNDECLARED_SELECTOR = YES;
				GCC_WARN_UNINITIALIZED_AUTOS = YES_AGGRESSIVE;
				GCC_WARN_UNUSED_FUNCTION = YES;
				GCC_WARN_UNUSED_VARIABLE = YES;
				IPHONEOS_DEPLOYMENT_TARGET = 13.0;
				MTL_ENABLE_DEBUG_INFO = NO;
				MTL_FAST_MATH = YES;
				SDKROOT = iphoneos;
				SWIFT_COMPILATION_MODE = wholemodule;
				SWIFT_OPTIMIZATION_LEVEL = "-O";
				VALIDATE_PRODUCT = YES;
			};
			name = Release;
		};
		2E302DEF234F07A10011F763 /* Debug */ = {
			isa = XCBuildConfiguration;
			buildSettings = {
				ASSETCATALOG_COMPILER_APPICON_NAME = AppIcon;
				CODE_SIGN_STYLE = Automatic;
				DEVELOPMENT_TEAM = AWXA559AVD;
				INFOPLIST_FILE = TestProject/Info.plist;
				LD_RUNPATH_SEARCH_PATHS = (
					"$(inherited)",
					"@executable_path/Frameworks",
				);
				PRODUCT_BUNDLE_IDENTIFIER = com.hasl.TestProject;
				PRODUCT_NAME = "$(TARGET_NAME)";
				SWIFT_VERSION = 5.0;
				TARGETED_DEVICE_FAMILY = 1;
			};
			name = Debug;
		};
		2E302DF0234F07A10011F763 /* Release */ = {
			isa = XCBuildConfiguration;
			buildSettings = {
				ASSETCATALOG_COMPILER_APPICON_NAME = AppIcon;
				CODE_SIGN_STYLE = Automatic;
				DEVELOPMENT_TEAM = AWXA559AVD;
				INFOPLIST_FILE = TestProject/Info.plist;
				LD_RUNPATH_SEARCH_PATHS = (
					"$(inherited)",
					"@executable_path/Frameworks",
				);
				PRODUCT_BUNDLE_IDENTIFIER = com.hasl.TestProject;
				PRODUCT_NAME = "$(TARGET_NAME)";
				SWIFT_VERSION = 5.0;
				TARGETED_DEVICE_FAMILY = 1;
			};
			name = Release;
		};
/* End XCBuildConfiguration section */

/* Begin XCConfigurationList section */
		2E302DD5234F079F0011F763 /* Build configuration list for PBXProject "TestProject" */ = {
			isa = XCConfigurationList;
			buildConfigurations = (
				2E302DEC234F07A10011F763 /* Debug */,
				2E302DED234F07A10011F763 /* Release */,
			);
			defaultConfigurationIsVisible = 0;
			defaultConfigurationName = Release;
		};
		2E302DEE234F07A10011F763 /* Build configuration list for PBXNativeTarget "TestProject" */ = {
			isa = XCConfigurationList;
			buildConfigurations = (
				2E302DEF234F07A10011F763 /* Debug */,
				2E302DF0234F07A10011F763 /* Release */,
			);
			defaultConfigurationIsVisible = 0;
			defaultConfigurationName = Release;
		};
/* End XCConfigurationList section */
	};
	rootObject = 2E302DD2234F079F0011F763 /* Project object */;
}
